// !$*UTF8*$!
{
	archiveVersion = 1;
	classes = {
	};
	objectVersion = 50;
	objects = {

/* Begin PBXBuildFile section */
		51982DAA20CFAFAD00B6F920 /* WMTabBar.swift in Sources */ = {isa = PBXBuildFile; fileRef = 51982DA820CFAFAD00B6F920 /* WMTabBar.swift */; };
		51982DAB20CFAFAD00B6F920 /* WMTabBarViewController.swift in Sources */ = {isa = PBXBuildFile; fileRef = 51982DA920CFAFAD00B6F920 /* WMTabBarViewController.swift */; };
		51982DAD20CFB09400B6F920 /* WMTabBarButton.swift in Sources */ = {isa = PBXBuildFile; fileRef = 51982DAC20CFB09400B6F920 /* WMTabBarButton.swift */; };
		51982DB620CFD13A00B6F920 /* WMTabBarMainViewController.swift in Sources */ = {isa = PBXBuildFile; fileRef = 51982DB520CFD13A00B6F920 /* WMTabBarMainViewController.swift */; };
		51982DB920CFD47500B6F920 /* WMHomeViewController.swift in Sources */ = {isa = PBXBuildFile; fileRef = 51982DB820CFD47500B6F920 /* WMHomeViewController.swift */; };
		51982DBB20CFD4A500B6F920 /* WMMineViewController.swift in Sources */ = {isa = PBXBuildFile; fileRef = 51982DBA20CFD4A500B6F920 /* WMMineViewController.swift */; };
		51982DBD20CFD4B400B6F920 /* WMSearchViewController.swift in Sources */ = {isa = PBXBuildFile; fileRef = 51982DBC20CFD4B400B6F920 /* WMSearchViewController.swift */; };
		51982DBF20CFD4D300B6F920 /* WMClassificationViewController.swift in Sources */ = {isa = PBXBuildFile; fileRef = 51982DBE20CFD4D300B6F920 /* WMClassificationViewController.swift */; };
		51982DC120CFD4F200B6F920 /* WMShoppingCarViewController.swift in Sources */ = {isa = PBXBuildFile; fileRef = 51982DC020CFD4F200B6F920 /* WMShoppingCarViewController.swift */; };
		51982DC320D0AC8D00B6F920 /* WMNavigationViewController.swift in Sources */ = {isa = PBXBuildFile; fileRef = 51982DC220D0AC8D00B6F920 /* WMNavigationViewController.swift */; };
		51F09C5E20DA266F00E0D80A /* WMTopBannerScrollView.swift in Sources */ = {isa = PBXBuildFile; fileRef = 51F09C5D20DA266F00E0D80A /* WMTopBannerScrollView.swift */; };
		51F09C6020DA351800E0D80A /* WMCarouselView.swift in Sources */ = {isa = PBXBuildFile; fileRef = 51F09C5F20DA351700E0D80A /* WMCarouselView.swift */; };
		51F09C6320DA3FA200E0D80A /* WMTopBannerCollectionCell.swift in Sources */ = {isa = PBXBuildFile; fileRef = 51F09C6220DA3FA200E0D80A /* WMTopBannerCollectionCell.swift */; };
		D902803F20CCEF5800B77051 /* AppDelegate.swift in Sources */ = {isa = PBXBuildFile; fileRef = D902803E20CCEF5800B77051 /* AppDelegate.swift */; };
		D902804120CCEF5800B77051 /* ViewController.swift in Sources */ = {isa = PBXBuildFile; fileRef = D902804020CCEF5800B77051 /* ViewController.swift */; };
		D902804420CCEF5800B77051 /* Main.storyboard in Resources */ = {isa = PBXBuildFile; fileRef = D902804220CCEF5800B77051 /* Main.storyboard */; };
		D902804620CCEF5A00B77051 /* Assets.xcassets in Resources */ = {isa = PBXBuildFile; fileRef = D902804520CCEF5A00B77051 /* Assets.xcassets */; };
		D902804920CCEF5A00B77051 /* LaunchScreen.storyboard in Resources */ = {isa = PBXBuildFile; fileRef = D902804720CCEF5A00B77051 /* LaunchScreen.storyboard */; };
/* End PBXBuildFile section */

/* Begin PBXFileReference section */
		51982DA820CFAFAD00B6F920 /* WMTabBar.swift */ = {isa = PBXFileReference; fileEncoding = 4; lastKnownFileType = sourcecode.swift; path = WMTabBar.swift; sourceTree = "<group>"; };
		51982DA920CFAFAD00B6F920 /* WMTabBarViewController.swift */ = {isa = PBXFileReference; fileEncoding = 4; lastKnownFileType = sourcecode.swift; path = WMTabBarViewController.swift; sourceTree = "<group>"; };
		51982DAC20CFB09400B6F920 /* WMTabBarButton.swift */ = {isa = PBXFileReference; lastKnownFileType = sourcecode.swift; path = WMTabBarButton.swift; sourceTree = "<group>"; };
		51982DB520CFD13A00B6F920 /* WMTabBarMainViewController.swift */ = {isa = PBXFileReference; lastKnownFileType = sourcecode.swift; path = WMTabBarMainViewController.swift; sourceTree = "<group>"; };
		51982DB720CFD1CC00B6F920 /* ProjectInitializer.h */ = {isa = PBXFileReference; lastKnownFileType = sourcecode.c.h; path = ProjectInitializer.h; sourceTree = "<group>"; };
		51982DB820CFD47500B6F920 /* WMHomeViewController.swift */ = {isa = PBXFileReference; lastKnownFileType = sourcecode.swift; path = WMHomeViewController.swift; sourceTree = "<group>"; };
		51982DBA20CFD4A500B6F920 /* WMMineViewController.swift */ = {isa = PBXFileReference; lastKnownFileType = sourcecode.swift; path = WMMineViewController.swift; sourceTree = "<group>"; };
		51982DBC20CFD4B400B6F920 /* WMSearchViewController.swift */ = {isa = PBXFileReference; lastKnownFileType = sourcecode.swift; path = WMSearchViewController.swift; sourceTree = "<group>"; };
		51982DBE20CFD4D300B6F920 /* WMClassificationViewController.swift */ = {isa = PBXFileReference; lastKnownFileType = sourcecode.swift; path = WMClassificationViewController.swift; sourceTree = "<group>"; };
		51982DC020CFD4F200B6F920 /* WMShoppingCarViewController.swift */ = {isa = PBXFileReference; lastKnownFileType = sourcecode.swift; path = WMShoppingCarViewController.swift; sourceTree = "<group>"; };
		51982DC220D0AC8D00B6F920 /* WMNavigationViewController.swift */ = {isa = PBXFileReference; lastKnownFileType = sourcecode.swift; path = WMNavigationViewController.swift; sourceTree = "<group>"; };
		51F09C5D20DA266F00E0D80A /* WMTopBannerScrollView.swift */ = {isa = PBXFileReference; lastKnownFileType = sourcecode.swift; path = WMTopBannerScrollView.swift; sourceTree = "<group>"; };
		51F09C5F20DA351700E0D80A /* WMCarouselView.swift */ = {isa = PBXFileReference; fileEncoding = 4; lastKnownFileType = sourcecode.swift; path = WMCarouselView.swift; sourceTree = "<group>"; };
		51F09C6220DA3FA200E0D80A /* WMTopBannerCollectionCell.swift */ = {isa = PBXFileReference; lastKnownFileType = sourcecode.swift; path = WMTopBannerCollectionCell.swift; sourceTree = "<group>"; };
		D902803B20CCEF5800B77051 /* weimao_swift.app */ = {isa = PBXFileReference; explicitFileType = wrapper.application; includeInIndex = 0; path = weimao_swift.app; sourceTree = BUILT_PRODUCTS_DIR; };
		D902803E20CCEF5800B77051 /* AppDelegate.swift */ = {isa = PBXFileReference; lastKnownFileType = sourcecode.swift; path = AppDelegate.swift; sourceTree = "<group>"; };
		D902804020CCEF5800B77051 /* ViewController.swift */ = {isa = PBXFileReference; lastKnownFileType = sourcecode.swift; path = ViewController.swift; sourceTree = "<group>"; };
		D902804320CCEF5800B77051 /* Base */ = {isa = PBXFileReference; lastKnownFileType = file.storyboard; name = Base; path = Base.lproj/Main.storyboard; sourceTree = "<group>"; };
		D902804520CCEF5A00B77051 /* Assets.xcassets */ = {isa = PBXFileReference; lastKnownFileType = folder.assetcatalog; path = Assets.xcassets; sourceTree = "<group>"; };
		D902804820CCEF5A00B77051 /* Base */ = {isa = PBXFileReference; lastKnownFileType = file.storyboard; name = Base; path = Base.lproj/LaunchScreen.storyboard; sourceTree = "<group>"; };
		D902804A20CCEF5A00B77051 /* Info.plist */ = {isa = PBXFileReference; lastKnownFileType = text.plist.xml; path = Info.plist; sourceTree = "<group>"; };
/* End PBXFileReference section */

/* Begin PBXFrameworksBuildPhase section */
		D902803820CCEF5700B77051 /* Frameworks */ = {
			isa = PBXFrameworksBuildPhase;
			buildActionMask = 2147483647;
			files = (
			);
			runOnlyForDeploymentPostprocessing = 0;
		};
/* End PBXFrameworksBuildPhase section */

/* Begin PBXGroup section */
		51982DA720CFAFAD00B6F920 /* tabbar */ = {
			isa = PBXGroup;
			children = (
				51982DA820CFAFAD00B6F920 /* WMTabBar.swift */,
				51982DA920CFAFAD00B6F920 /* WMTabBarViewController.swift */,
				51982DAC20CFB09400B6F920 /* WMTabBarButton.swift */,
				51982DB720CFD1CC00B6F920 /* ProjectInitializer.h */,
			);
			path = tabbar;
			sourceTree = "<group>";
		};
		51982DAE20CFC69600B6F920 /* Home */ = {
			isa = PBXGroup;
			children = (
				51F09C6120DA3F8600E0D80A /* View */,
				51F09C5F20DA351700E0D80A /* WMCarouselView.swift */,
				51982DB820CFD47500B6F920 /* WMHomeViewController.swift */,
				51F09C5D20DA266F00E0D80A /* WMTopBannerScrollView.swift */,
			);
			path = Home;
			sourceTree = "<group>";
		};
		51982DAF20CFC69600B6F920 /* Search */ = {
			isa = PBXGroup;
			children = (
				51982DBC20CFD4B400B6F920 /* WMSearchViewController.swift */,
			);
			path = Search;
			sourceTree = "<group>";
		};
		51982DB020CFC69600B6F920 /* Mine */ = {
			isa = PBXGroup;
			children = (
				51982DBA20CFD4A500B6F920 /* WMMineViewController.swift */,
			);
			path = Mine;
			sourceTree = "<group>";
		};
		51982DB220CFC69600B6F920 /* ShoppingCar */ = {
			isa = PBXGroup;
			children = (
				51982DC020CFD4F200B6F920 /* WMShoppingCarViewController.swift */,
			);
			path = ShoppingCar;
			sourceTree = "<group>";
		};
		51982DB320CFCFAB00B6F920 /* Main */ = {
			isa = PBXGroup;
			children = (
				51982DB520CFD13A00B6F920 /* WMTabBarMainViewController.swift */,
				51982DC220D0AC8D00B6F920 /* WMNavigationViewController.swift */,
			);
			path = Main;
			sourceTree = "<group>";
		};
		51982DB420CFCFB100B6F920 /* Classification */ = {
			isa = PBXGroup;
			children = (
				51982DBE20CFD4D300B6F920 /* WMClassificationViewController.swift */,
			);
			path = Classification;
			sourceTree = "<group>";
		};
		51F09C6120DA3F8600E0D80A /* View */ = {
			isa = PBXGroup;
			children = (
				51F09C6220DA3FA200E0D80A /* WMTopBannerCollectionCell.swift */,
			);
			path = View;
			sourceTree = "<group>";
		};
		D902803220CCEF5700B77051 = {
			isa = PBXGroup;
			children = (
				D902803D20CCEF5800B77051 /* weimao_swift */,
				D902803C20CCEF5800B77051 /* Products */,
			);
			sourceTree = "<group>";
		};
		D902803C20CCEF5800B77051 /* Products */ = {
			isa = PBXGroup;
			children = (
				D902803B20CCEF5800B77051 /* weimao_swift.app */,
			);
			name = Products;
			sourceTree = "<group>";
		};
		D902803D20CCEF5800B77051 /* weimao_swift */ = {
			isa = PBXGroup;
			children = (
				51982DB420CFCFB100B6F920 /* Classification */,
				51982DB320CFCFAB00B6F920 /* Main */,
				51982DAE20CFC69600B6F920 /* Home */,
				51982DB020CFC69600B6F920 /* Mine */,
				51982DAF20CFC69600B6F920 /* Search */,
				51982DB220CFC69600B6F920 /* ShoppingCar */,
				51982DA720CFAFAD00B6F920 /* tabbar */,
				D902803E20CCEF5800B77051 /* AppDelegate.swift */,
				D902804020CCEF5800B77051 /* ViewController.swift */,
				D902804220CCEF5800B77051 /* Main.storyboard */,
				D902804520CCEF5A00B77051 /* Assets.xcassets */,
				D902804720CCEF5A00B77051 /* LaunchScreen.storyboard */,
				D902804A20CCEF5A00B77051 /* Info.plist */,
			);
			path = weimao_swift;
			sourceTree = "<group>";
		};
/* End PBXGroup section */

/* Begin PBXNativeTarget section */
		D902803A20CCEF5700B77051 /* weimao_swift */ = {
			isa = PBXNativeTarget;
			buildConfigurationList = D902804D20CCEF5A00B77051 /* Build configuration list for PBXNativeTarget "weimao_swift" */;
			buildPhases = (
				D902803720CCEF5700B77051 /* Sources */,
				D902803820CCEF5700B77051 /* Frameworks */,
				D902803920CCEF5700B77051 /* Resources */,
			);
			buildRules = (
			);
			dependencies = (
			);
			name = weimao_swift;
			productName = weimao_swift;
			productReference = D902803B20CCEF5800B77051 /* weimao_swift.app */;
			productType = "com.apple.product-type.application";
		};
/* End PBXNativeTarget section */

/* Begin PBXProject section */
		D902803320CCEF5700B77051 /* Project object */ = {
			isa = PBXProject;
			attributes = {
				LastSwiftUpdateCheck = 0930;
				LastUpgradeCheck = 0930;
				ORGANIZATIONNAME = zhi;
				TargetAttributes = {
					D902803A20CCEF5700B77051 = {
						CreatedOnToolsVersion = 9.3;
					};
				};
			};
			buildConfigurationList = D902803620CCEF5700B77051 /* Build configuration list for PBXProject "weimao_swift" */;
			compatibilityVersion = "Xcode 9.3";
			developmentRegion = en;
			hasScannedForEncodings = 0;
			knownRegions = (
				en,
				Base,
			);
			mainGroup = D902803220CCEF5700B77051;
			productRefGroup = D902803C20CCEF5800B77051 /* Products */;
			projectDirPath = "";
			projectRoot = "";
			targets = (
				D902803A20CCEF5700B77051 /* weimao_swift */,
			);
		};
/* End PBXProject section */

/* Begin PBXResourcesBuildPhase section */
		D902803920CCEF5700B77051 /* Resources */ = {
			isa = PBXResourcesBuildPhase;
			buildActionMask = 2147483647;
			files = (
				D902804920CCEF5A00B77051 /* LaunchScreen.storyboard in Resources */,
				D902804620CCEF5A00B77051 /* Assets.xcassets in Resources */,
				D902804420CCEF5800B77051 /* Main.storyboard in Resources */,
			);
			runOnlyForDeploymentPostprocessing = 0;
		};
/* End PBXResourcesBuildPhase section */

/* Begin PBXSourcesBuildPhase section */
		D902803720CCEF5700B77051 /* Sources */ = {
			isa = PBXSourcesBuildPhase;
			buildActionMask = 2147483647;
			files = (
				51982DC320D0AC8D00B6F920 /* WMNavigationViewController.swift in Sources */,
				51F09C6320DA3FA200E0D80A /* WMTopBannerCollectionCell.swift in Sources */,
				51982DBD20CFD4B400B6F920 /* WMSearchViewController.swift in Sources */,
				51982DB620CFD13A00B6F920 /* WMTabBarMainViewController.swift in Sources */,
				51982DBB20CFD4A500B6F920 /* WMMineViewController.swift in Sources */,
				51982DB920CFD47500B6F920 /* WMHomeViewController.swift in Sources */,
				51982DAD20CFB09400B6F920 /* WMTabBarButton.swift in Sources */,
				D902804120CCEF5800B77051 /* ViewController.swift in Sources */,
				51982DBF20CFD4D300B6F920 /* WMClassificationViewController.swift in Sources */,
				51F09C5E20DA266F00E0D80A /* WMTopBannerScrollView.swift in Sources */,
				51982DAB20CFAFAD00B6F920 /* WMTabBarViewController.swift in Sources */,
				51F09C6020DA351800E0D80A /* WMCarouselView.swift in Sources */,
				D902803F20CCEF5800B77051 /* AppDelegate.swift in Sources */,
				51982DAA20CFAFAD00B6F920 /* WMTabBar.swift in Sources */,
				51982DC120CFD4F200B6F920 /* WMShoppingCarViewController.swift in Sources */,
			);
			runOnlyForDeploymentPostprocessing = 0;
		};
/* End PBXSourcesBuildPhase section */

/* Begin PBXVariantGroup section */
		D902804220CCEF5800B77051 /* Main.storyboard */ = {
			isa = PBXVariantGroup;
			children = (
				D902804320CCEF5800B77051 /* Base */,
			);
			name = Main.storyboard;
			sourceTree = "<group>";
		};
		D902804720CCEF5A00B77051 /* LaunchScreen.storyboard */ = {
			isa = PBXVariantGroup;
			children = (
				D902804820CCEF5A00B77051 /* Base */,
			);
			name = LaunchScreen.storyboard;
			sourceTree = "<group>";
		};
/* End PBXVariantGroup section */

/* Begin XCBuildConfiguration section */
		D902804B20CCEF5A00B77051 /* Debug */ = {
			isa = XCBuildConfiguration;
			buildSettings = {
				ALWAYS_SEARCH_USER_PATHS = NO;
				CLANG_ANALYZER_NONNULL = YES;
				CLANG_ANALYZER_NUMBER_OBJECT_CONVERSION = YES_AGGRESSIVE;
				CLANG_CXX_LANGUAGE_STANDARD = "gnu++14";
				CLANG_CXX_LIBRARY = "libc++";
				CLANG_ENABLE_MODULES = YES;
				CLANG_ENABLE_OBJC_ARC = YES;
				CLANG_ENABLE_OBJC_WEAK = YES;
				CLANG_WARN_BLOCK_CAPTURE_AUTORELEASING = YES;
				CLANG_WARN_BOOL_CONVERSION = YES;
				CLANG_WARN_COMMA = YES;
				CLANG_WARN_CONSTANT_CONVERSION = YES;
				CLANG_WARN_DEPRECATED_OBJC_IMPLEMENTATIONS = YES;
				CLANG_WARN_DIRECT_OBJC_ISA_USAGE = YES_ERROR;
				CLANG_WARN_DOCUMENTATION_COMMENTS = YES;
				CLANG_WARN_EMPTY_BODY = YES;
				CLANG_WARN_ENUM_CONVERSION = YES;
				CLANG_WARN_INFINITE_RECURSION = YES;
				CLANG_WARN_INT_CONVERSION = YES;
				CLANG_WARN_NON_LITERAL_NULL_CONVERSION = YES;
				CLANG_WARN_OBJC_IMPLICIT_RETAIN_SELF = YES;
				CLANG_WARN_OBJC_LITERAL_CONVERSION = YES;
				CLANG_WARN_OBJC_ROOT_CLASS = YES_ERROR;
				CLANG_WARN_RANGE_LOOP_ANALYSIS = YES;
				CLANG_WARN_STRICT_PROTOTYPES = YES;
				CLANG_WARN_SUSPICIOUS_MOVE = YES;
				CLANG_WARN_UNGUARDED_AVAILABILITY = YES_AGGRESSIVE;
				CLANG_WARN_UNREACHABLE_CODE = YES;
				CLANG_WARN__DUPLICATE_METHOD_MATCH = YES;
				CODE_SIGN_IDENTITY = "iPhone Developer";
				COPY_PHASE_STRIP = NO;
				DEBUG_INFORMATION_FORMAT = dwarf;
				ENABLE_STRICT_OBJC_MSGSEND = YES;
				ENABLE_TESTABILITY = YES;
				GCC_C_LANGUAGE_STANDARD = gnu11;
				GCC_DYNAMIC_NO_PIC = NO;
				GCC_NO_COMMON_BLOCKS = YES;
				GCC_OPTIMIZATION_LEVEL = 0;
				GCC_PREPROCESSOR_DEFINITIONS = (
					"DEBUG=1",
					"$(inherited)",
				);
				GCC_WARN_64_TO_32_BIT_CONVERSION = YES;
				GCC_WARN_ABOUT_RETURN_TYPE = YES_ERROR;
				GCC_WARN_UNDECLARED_SELECTOR = YES;
				GCC_WARN_UNINITIALIZED_AUTOS = YES_AGGRESSIVE;
				GCC_WARN_UNUSED_FUNCTION = YES;
				GCC_WARN_UNUSED_VARIABLE = YES;
				IPHONEOS_DEPLOYMENT_TARGET = 11.3;
				MTL_ENABLE_DEBUG_INFO = YES;
				ONLY_ACTIVE_ARCH = YES;
				SDKROOT = iphoneos;
				SWIFT_ACTIVE_COMPILATION_CONDITIONS = DEBUG;
				SWIFT_OPTIMIZATION_LEVEL = "-Onone";
			};
			name = Debug;
		};
		D902804C20CCEF5A00B77051 /* Release */ = {
			isa = XCBuildConfiguration;
			buildSettings = {
				ALWAYS_SEARCH_USER_PATHS = NO;
				CLANG_ANALYZER_NONNULL = YES;
				CLANG_ANALYZER_NUMBER_OBJECT_CONVERSION = YES_AGGRESSIVE;
				CLANG_CXX_LANGUAGE_STANDARD = "gnu++14";
				CLANG_CXX_LIBRARY = "libc++";
				CLANG_ENABLE_MODULES = YES;
				CLANG_ENABLE_OBJC_ARC = YES;
				CLANG_ENABLE_OBJC_WEAK = YES;
				CLANG_WARN_BLOCK_CAPTURE_AUTORELEASING = YES;
				CLANG_WARN_BOOL_CONVERSION = YES;
				CLANG_WARN_COMMA = YES;
				CLANG_WARN_CONSTANT_CONVERSION = YES;
				CLANG_WARN_DEPRECATED_OBJC_IMPLEMENTATIONS = YES;
				CLANG_WARN_DIRECT_OBJC_ISA_USAGE = YES_ERROR;
				CLANG_WARN_DOCUMENTATION_COMMENTS = YES;
				CLANG_WARN_EMPTY_BODY = YES;
				CLANG_WARN_ENUM_CONVERSION = YES;
				CLANG_WARN_INFINITE_RECURSION = YES;
				CLANG_WARN_INT_CONVERSION = YES;
				CLANG_WARN_NON_LITERAL_NULL_CONVERSION = YES;
				CLANG_WARN_OBJC_IMPLICIT_RETAIN_SELF = YES;
				CLANG_WARN_OBJC_LITERAL_CONVERSION = YES;
				CLANG_WARN_OBJC_ROOT_CLASS = YES_ERROR;
				CLANG_WARN_RANGE_LOOP_ANALYSIS = YES;
				CLANG_WARN_STRICT_PROTOTYPES = YES;
				CLANG_WARN_SUSPICIOUS_MOVE = YES;
				CLANG_WARN_UNGUARDED_AVAILABILITY = YES_AGGRESSIVE;
				CLANG_WARN_UNREACHABLE_CODE = YES;
				CLANG_WARN__DUPLICATE_METHOD_MATCH = YES;
				CODE_SIGN_IDENTITY = "iPhone Developer";
				COPY_PHASE_STRIP = NO;
				DEBUG_INFORMATION_FORMAT = "dwarf-with-dsym";
				ENABLE_NS_ASSERTIONS = NO;
				ENABLE_STRICT_OBJC_MSGSEND = YES;
				GCC_C_LANGUAGE_STANDARD = gnu11;
				GCC_NO_COMMON_BLOCKS = YES;
				GCC_WARN_64_TO_32_BIT_CONVERSION = YES;
				GCC_WARN_ABOUT_RETURN_TYPE = YES_ERROR;
				GCC_WARN_UNDECLARED_SELECTOR = YES;
				GCC_WARN_UNINITIALIZED_AUTOS = YES_AGGRESSIVE;
				GCC_WARN_UNUSED_FUNCTION = YES;
				GCC_WARN_UNUSED_VARIABLE = YES;
				IPHONEOS_DEPLOYMENT_TARGET = 11.3;
				MTL_ENABLE_DEBUG_INFO = NO;
				SDKROOT = iphoneos;
				SWIFT_COMPILATION_MODE = wholemodule;
				SWIFT_OPTIMIZATION_LEVEL = "-O";
				VALIDATE_PRODUCT = YES;
			};
			name = Release;
		};
		D902804E20CCEF5A00B77051 /* Debug */ = {
			isa = XCBuildConfiguration;
			buildSettings = {
				ASSETCATALOG_COMPILER_APPICON_NAME = AppIcon;
				CODE_SIGN_STYLE = Automatic;
				INFOPLIST_FILE = weimao_swift/Info.plist;
				LD_RUNPATH_SEARCH_PATHS = (
					"$(inherited)",
					"@executable_path/Frameworks",
				);
				PRODUCT_BUNDLE_IDENTIFIER = "zhi.weimao-swift";
				PRODUCT_NAME = "$(TARGET_NAME)";
				SWIFT_VERSION = 4.0;
				TARGETED_DEVICE_FAMILY = "1,2";
			};
			name = Debug;
		};
		D902804F20CCEF5A00B77051 /* Release */ = {
			isa = XCBuildConfiguration;
			buildSettings = {
				ASSETCATALOG_COMPILER_APPICON_NAME = AppIcon;
				CODE_SIGN_STYLE = Automatic;
				INFOPLIST_FILE = weimao_swift/Info.plist;
				LD_RUNPATH_SEARCH_PATHS = (
					"$(inherited)",
					"@executable_path/Frameworks",
				);
				PRODUCT_BUNDLE_IDENTIFIER = "zhi.weimao-swift";
				PRODUCT_NAME = "$(TARGET_NAME)";
				SWIFT_VERSION = 4.0;
				TARGETED_DEVICE_FAMILY = "1,2";
			};
			name = Release;
		};
/* End XCBuildConfiguration section */

/* Begin XCConfigurationList section */
		D902803620CCEF5700B77051 /* Build configuration list for PBXProject "weimao_swift" */ = {
			isa = XCConfigurationList;
			buildConfigurations = (
				D902804B20CCEF5A00B77051 /* Debug */,
				D902804C20CCEF5A00B77051 /* Release */,
			);
			defaultConfigurationIsVisible = 0;
			defaultConfigurationName = Release;
		};
		D902804D20CCEF5A00B77051 /* Build configuration list for PBXNativeTarget "weimao_swift" */ = {
			isa = XCConfigurationList;
			buildConfigurations = (
				D902804E20CCEF5A00B77051 /* Debug */,
				D902804F20CCEF5A00B77051 /* Release */,
			);
			defaultConfigurationIsVisible = 0;
			defaultConfigurationName = Release;
		};
/* End XCConfigurationList section */
	};
	rootObject = D902803320CCEF5700B77051 /* Project object */;
}
